
Microsoft Visual Studio Solution File, Format Version 12.00
# Visual Studio 15
VisualStudioVersion = 15.0.27004.2009
MinimumVisualStudioVersion = 10.0.40219.1
Project("{888888A0-9F3D-457C-B088-3A5042F75D52}") = "Algorithms and Datastructures", "Algorithms and Datastructures.pyproj", "{D491E421-7DC8-4EA9-BDF9-8B86B4A22E65}"
EndProject
Global
	GlobalSection(SolutionConfigurationPlatforms) = preSolution
		Debug|Any CPU = Debug|Any CPU
		Release|Any CPU = Release|Any CPU
	EndGlobalSection
	GlobalSection(ProjectConfigurationPlatforms) = postSolution
		{D491E421-7DC8-4EA9-BDF9-8B86B4A22E65}.Debug|Any CPU.ActiveCfg = Debug|Any CPU
		{D491E421-7DC8-4EA9-BDF9-8B86B4A22E65}.Release|Any CPU.ActiveCfg = Release|Any CPU
	EndGlobalSection
	GlobalSection(SolutionProperties) = preSolution
		HideSolutionNode = FALSE
	EndGlobalSection
	GlobalSection(ExtensibilityGlobals) = postSolution
		SolutionGuid = {07BE06B5-1639-484E-8F50-7C88DB102205}
	EndGlobalSection
EndGlobal
